
Microsoft Visual Studio Solution File, Format Version 12.00
Project("{2150E333-8FDC-42A3-9474-1A3956D46DE8}") = "src", "src", "{E9B39AF7-9F85-4703-9F13-DEF0B919E059}"
EndProject
Project("{FAE04EC0-301F-11D3-BF4B-00C04F79EFBC}") = "Basket.Api", "src\Basket.Api\Basket.Api.csproj", "{C67D73EE-1379-46E7-88DA-228FBB7D7F3A}"
EndProject
Global
	GlobalSection(SolutionConfigurationPlatforms) = preSolution
		Debug|Any CPU = Debug|Any CPU
		Release|Any CPU = Release|Any CPU
	EndGlobalSection
	GlobalSection(NestedProjects) = preSolution
		{C67D73EE-1379-46E7-88DA-228FBB7D7F3A} = {E9B39AF7-9F85-4703-9F13-DEF0B919E059}
	EndGlobalSection
	GlobalSection(ProjectConfigurationPlatforms) = postSolution
		{C67D73EE-1379-46E7-88DA-228FBB7D7F3A}.Debug|Any CPU.ActiveCfg = Debug|Any CPU
		{C67D73EE-1379-46E7-88DA-228FBB7D7F3A}.Debug|Any CPU.Build.0 = Debug|Any CPU
		{C67D73EE-1379-46E7-88DA-228FBB7D7F3A}.Release|Any CPU.ActiveCfg = Release|Any CPU
		{C67D73EE-1379-46E7-88DA-228FBB7D7F3A}.Release|Any CPU.Build.0 = Release|Any CPU
	EndGlobalSection
EndGlobal
